
Microsoft Visual Studio Solution File, Format Version 12.00
# Visual Studio Version 17
VisualStudioVersion = 17.11.35222.181
MinimumVisualStudioVersion = 10.0.40219.1
Project("{FAE04EC0-301F-11D3-BF4B-00C04F79EFBC}") = "Conversion de Unidades de medida", "Conversion de Unidades de medida.csproj", "{BBB4FE97-AD9A-4FBA-817E-02C4C321728C}"
EndProject
Global
	GlobalSection(SolutionConfigurationPlatforms) = preSolution
		Debug|Any CPU = Debug|Any CPU
		Release|Any CPU = Release|Any CPU
	EndGlobalSection
	GlobalSection(ProjectConfigurationPlatforms) = postSolution
		{BBB4FE97-AD9A-4FBA-817E-02C4C321728C}.Debug|Any CPU.ActiveCfg = Debug|Any CPU
		{BBB4FE97-AD9A-4FBA-817E-02C4C321728C}.Debug|Any CPU.Build.0 = Debug|Any CPU
		{BBB4FE97-AD9A-4FBA-817E-02C4C321728C}.Release|Any CPU.ActiveCfg = Release|Any CPU
		{BBB4FE97-AD9A-4FBA-817E-02C4C321728C}.Release|Any CPU.Build.0 = Release|Any CPU
	EndGlobalSection
	GlobalSection(SolutionProperties) = preSolution
		HideSolutionNode = FALSE
	EndGlobalSection
	GlobalSection(ExtensibilityGlobals) = postSolution
		SolutionGuid = {01220B32-D491-4AF3-98A7-733F517ECB76}
	EndGlobalSection
EndGlobal
